
Microsoft Visual Studio Solution File, Format Version 12.00
# Visual Studio Version 17
VisualStudioVersion = 17.6.33815.320
MinimumVisualStudioVersion = 10.0.40219.1
Project("{FAE04EC0-301F-11D3-BF4B-00C04F79EFBC}") = "LINQExamples_3", "LINQExamples_3\LINQExamples_3.csproj", "{E810DBE0-0131-4240-8F74-63333E6CD61A}"
EndProject
Global
	GlobalSection(SolutionConfigurationPlatforms) = preSolution
		Debug|Any CPU = Debug|Any CPU
		Release|Any CPU = Release|Any CPU
	EndGlobalSection
	GlobalSection(ProjectConfigurationPlatforms) = postSolution
		{E810DBE0-0131-4240-8F74-63333E6CD61A}.Debug|Any CPU.ActiveCfg = Debug|Any CPU
		{E810DBE0-0131-4240-8F74-63333E6CD61A}.Debug|Any CPU.Build.0 = Debug|Any CPU
		{E810DBE0-0131-4240-8F74-63333E6CD61A}.Release|Any CPU.ActiveCfg = Release|Any CPU
		{E810DBE0-0131-4240-8F74-63333E6CD61A}.Release|Any CPU.Build.0 = Release|Any CPU
	EndGlobalSection
	GlobalSection(SolutionProperties) = preSolution
		HideSolutionNode = FALSE
	EndGlobalSection
	GlobalSection(ExtensibilityGlobals) = postSolution
		SolutionGuid = {BD193E92-B08B-4B98-8727-2C29632CBB7B}
	EndGlobalSection
EndGlobal
